// !$*UTF8*$!
{
	archiveVersion = 1;
	classes = {
	};
	objectVersion = 46;
	objects = {

/* Begin PBXBuildFile section */
		3F7B8C5A1F5D7FE8009BF2D3 /* AppDelegate.swift in Sources */ = {isa = PBXBuildFile; fileRef = 3F7B8C591F5D7FE8009BF2D3 /* AppDelegate.swift */; };
		3F7B8C5C1F5D7FE8009BF2D3 /* ImageParserViewController.swift in Sources */ = {isa = PBXBuildFile; fileRef = 3F7B8C5B1F5D7FE8009BF2D3 /* ImageParserViewController.swift */; };
		3F7B8C5E1F5D7FE8009BF2D3 /* Assets.xcassets in Resources */ = {isa = PBXBuildFile; fileRef = 3F7B8C5D1F5D7FE8009BF2D3 /* Assets.xcassets */; };
		3F7B8C611F5D7FE8009BF2D3 /* Main.storyboard in Resources */ = {isa = PBXBuildFile; fileRef = 3F7B8C5F1F5D7FE8009BF2D3 /* Main.storyboard */; };
		3F7B8C691F5D885F009BF2D3 /* Files.swift in Sources */ = {isa = PBXBuildFile; fileRef = 3F7B8C681F5D885F009BF2D3 /* Files.swift */; };
		448FCE82212D7207008D1D23 /* FilesWorker.swift in Sources */ = {isa = PBXBuildFile; fileRef = 448FCE81212D7207008D1D23 /* FilesWorker.swift */; };
		448FCE84212D74AF008D1D23 /* FileNamesFormatter.swift in Sources */ = {isa = PBXBuildFile; fileRef = 448FCE83212D74AF008D1D23 /* FileNamesFormatter.swift */; };
		448FCE86212D768E008D1D23 /* AppTexts.swift in Sources */ = {isa = PBXBuildFile; fileRef = 448FCE85212D768E008D1D23 /* AppTexts.swift */; };
		448FCE8A212D774A008D1D23 /* ParsingStatus.swift in Sources */ = {isa = PBXBuildFile; fileRef = 448FCE89212D774A008D1D23 /* ParsingStatus.swift */; };
		44AB849A212D85590057520B /* BundleMode.swift in Sources */ = {isa = PBXBuildFile; fileRef = 44AB8499212D85590057520B /* BundleMode.swift */; };
		44AB849D212D87B30057520B /* LICENSE in Resources */ = {isa = PBXBuildFile; fileRef = 44AB849B212D87B30057520B /* LICENSE */; };
		44AB849E212D87B30057520B /* README.md in Resources */ = {isa = PBXBuildFile; fileRef = 44AB849C212D87B30057520B /* README.md */; };
		44AB84A0212D882C0057520B /* BaseFileNamesFormatter.swift in Sources */ = {isa = PBXBuildFile; fileRef = 44AB849F212D882C0057520B /* BaseFileNamesFormatter.swift */; };
		44AB84A2212D88520057520B /* MultiBundleFileNamesFormatter.swift in Sources */ = {isa = PBXBuildFile; fileRef = 44AB84A1212D88520057520B /* MultiBundleFileNamesFormatter.swift */; };
/* End PBXBuildFile section */

/* Begin PBXFileReference section */
		3F7B8C561F5D7FE8009BF2D3 /* ImageParser.app */ = {isa = PBXFileReference; explicitFileType = wrapper.application; includeInIndex = 0; path = ImageParser.app; sourceTree = BUILT_PRODUCTS_DIR; };
		3F7B8C591F5D7FE8009BF2D3 /* AppDelegate.swift */ = {isa = PBXFileReference; lastKnownFileType = sourcecode.swift; path = AppDelegate.swift; sourceTree = "<group>"; };
		3F7B8C5B1F5D7FE8009BF2D3 /* ImageParserViewController.swift */ = {isa = PBXFileReference; lastKnownFileType = sourcecode.swift; path = ImageParserViewController.swift; sourceTree = "<group>"; };
		3F7B8C5D1F5D7FE8009BF2D3 /* Assets.xcassets */ = {isa = PBXFileReference; lastKnownFileType = folder.assetcatalog; path = Assets.xcassets; sourceTree = "<group>"; };
		3F7B8C601F5D7FE8009BF2D3 /* Base */ = {isa = PBXFileReference; lastKnownFileType = file.storyboard; name = Base; path = Base.lproj/Main.storyboard; sourceTree = "<group>"; };
		3F7B8C621F5D7FE8009BF2D3 /* Info.plist */ = {isa = PBXFileReference; lastKnownFileType = text.plist.xml; path = Info.plist; sourceTree = "<group>"; };
		3F7B8C681F5D885F009BF2D3 /* Files.swift */ = {isa = PBXFileReference; fileEncoding = 4; lastKnownFileType = sourcecode.swift; path = Files.swift; sourceTree = "<group>"; };
		448FCE81212D7207008D1D23 /* FilesWorker.swift */ = {isa = PBXFileReference; lastKnownFileType = sourcecode.swift; path = FilesWorker.swift; sourceTree = "<group>"; };
		448FCE83212D74AF008D1D23 /* FileNamesFormatter.swift */ = {isa = PBXFileReference; lastKnownFileType = sourcecode.swift; path = FileNamesFormatter.swift; sourceTree = "<group>"; };
		448FCE85212D768E008D1D23 /* AppTexts.swift */ = {isa = PBXFileReference; lastKnownFileType = sourcecode.swift; path = AppTexts.swift; sourceTree = "<group>"; };
		448FCE89212D774A008D1D23 /* ParsingStatus.swift */ = {isa = PBXFileReference; lastKnownFileType = sourcecode.swift; path = ParsingStatus.swift; sourceTree = "<group>"; };
		44AB8499212D85590057520B /* BundleMode.swift */ = {isa = PBXFileReference; lastKnownFileType = sourcecode.swift; path = BundleMode.swift; sourceTree = "<group>"; };
		44AB849B212D87B30057520B /* LICENSE */ = {isa = PBXFileReference; fileEncoding = 4; lastKnownFileType = text; path = LICENSE; sourceTree = "<group>"; };
		44AB849C212D87B30057520B /* README.md */ = {isa = PBXFileReference; fileEncoding = 4; lastKnownFileType = net.daringfireball.markdown; path = README.md; sourceTree = "<group>"; };
		44AB849F212D882C0057520B /* BaseFileNamesFormatter.swift */ = {isa = PBXFileReference; lastKnownFileType = sourcecode.swift; path = BaseFileNamesFormatter.swift; sourceTree = "<group>"; };
		44AB84A1212D88520057520B /* MultiBundleFileNamesFormatter.swift */ = {isa = PBXFileReference; lastKnownFileType = sourcecode.swift; path = MultiBundleFileNamesFormatter.swift; sourceTree = "<group>"; };
/* End PBXFileReference section */

/* Begin PBXFrameworksBuildPhase section */
		3F7B8C531F5D7FE8009BF2D3 /* Frameworks */ = {
			isa = PBXFrameworksBuildPhase;
			buildActionMask = 2147483647;
			files = (
			);
			runOnlyForDeploymentPostprocessing = 0;
		};
/* End PBXFrameworksBuildPhase section */

/* Begin PBXGroup section */
		3F7B8C4D1F5D7FE7009BF2D3 = {
			isa = PBXGroup;
			children = (
				3F7B8C581F5D7FE8009BF2D3 /* ImageParser */,
				448FCE80212D717D008D1D23 /* Frameworks */,
				3F7B8C571F5D7FE8009BF2D3 /* Products */,
				44AB849B212D87B30057520B /* LICENSE */,
				44AB849C212D87B30057520B /* README.md */,
			);
			sourceTree = "<group>";
		};
		3F7B8C571F5D7FE8009BF2D3 /* Products */ = {
			isa = PBXGroup;
			children = (
				3F7B8C561F5D7FE8009BF2D3 /* ImageParser.app */,
			);
			name = Products;
			sourceTree = "<group>";
		};
		3F7B8C581F5D7FE8009BF2D3 /* ImageParser */ = {
			isa = PBXGroup;
			children = (
				448FCE8C212D7875008D1D23 /* Workers */,
				448FCE8B212D786B008D1D23 /* Views */,
				448FCE88212D773E008D1D23 /* Models */,
				3F7B8C591F5D7FE8009BF2D3 /* AppDelegate.swift */,
				448FCE87212D76C8008D1D23 /* Resources */,
			);
			path = ImageParser;
			sourceTree = "<group>";
		};
		448FCE80212D717D008D1D23 /* Frameworks */ = {
			isa = PBXGroup;
			children = (
				3F7B8C681F5D885F009BF2D3 /* Files.swift */,
			);
			path = Frameworks;
			sourceTree = "<group>";
		};
		448FCE87212D76C8008D1D23 /* Resources */ = {
			isa = PBXGroup;
			children = (
				3F7B8C621F5D7FE8009BF2D3 /* Info.plist */,
				3F7B8C5D1F5D7FE8009BF2D3 /* Assets.xcassets */,
				448FCE85212D768E008D1D23 /* AppTexts.swift */,
			);
			path = Resources;
			sourceTree = "<group>";
		};
		448FCE88212D773E008D1D23 /* Models */ = {
			isa = PBXGroup;
			children = (
				448FCE89212D774A008D1D23 /* ParsingStatus.swift */,
				44AB8499212D85590057520B /* BundleMode.swift */,
			);
			path = Models;
			sourceTree = "<group>";
		};
		448FCE8B212D786B008D1D23 /* Views */ = {
			isa = PBXGroup;
			children = (
				3F7B8C5F1F5D7FE8009BF2D3 /* Main.storyboard */,
				3F7B8C5B1F5D7FE8009BF2D3 /* ImageParserViewController.swift */,
			);
			path = Views;
			sourceTree = "<group>";
		};
		448FCE8C212D7875008D1D23 /* Workers */ = {
			isa = PBXGroup;
			children = (
				448FCE81212D7207008D1D23 /* FilesWorker.swift */,
				448FCE83212D74AF008D1D23 /* FileNamesFormatter.swift */,
				44AB849F212D882C0057520B /* BaseFileNamesFormatter.swift */,
				44AB84A1212D88520057520B /* MultiBundleFileNamesFormatter.swift */,
			);
			path = Workers;
			sourceTree = "<group>";
		};
/* End PBXGroup section */

/* Begin PBXNativeTarget section */
		3F7B8C551F5D7FE8009BF2D3 /* ImageParser */ = {
			isa = PBXNativeTarget;
			buildConfigurationList = 3F7B8C651F5D7FE8009BF2D3 /* Build configuration list for PBXNativeTarget "ImageParser" */;
			buildPhases = (
				3F7B8C521F5D7FE8009BF2D3 /* Sources */,
				3F7B8C531F5D7FE8009BF2D3 /* Frameworks */,
				3F7B8C541F5D7FE8009BF2D3 /* Resources */,
			);
			buildRules = (
			);
			dependencies = (
			);
			name = ImageParser;
			productName = ImageParser;
			productReference = 3F7B8C561F5D7FE8009BF2D3 /* ImageParser.app */;
			productType = "com.apple.product-type.application";
		};
/* End PBXNativeTarget section */

/* Begin PBXProject section */
		3F7B8C4E1F5D7FE7009BF2D3 /* Project object */ = {
			isa = PBXProject;
			attributes = {
				LastSwiftUpdateCheck = 0830;
				LastUpgradeCheck = 0940;
				ORGANIZATIONNAME = "Stepanov Pavel";
				TargetAttributes = {
					3F7B8C551F5D7FE8009BF2D3 = {
						CreatedOnToolsVersion = 8.3.3;
						LastSwiftMigration = 0940;
						ProvisioningStyle = Automatic;
					};
				};
			};
			buildConfigurationList = 3F7B8C511F5D7FE7009BF2D3 /* Build configuration list for PBXProject "ImageParser" */;
			compatibilityVersion = "Xcode 3.2";
			developmentRegion = English;
			hasScannedForEncodings = 0;
			knownRegions = (
				en,
				Base,
			);
			mainGroup = 3F7B8C4D1F5D7FE7009BF2D3;
			productRefGroup = 3F7B8C571F5D7FE8009BF2D3 /* Products */;
			projectDirPath = "";
			projectRoot = "";
			targets = (
				3F7B8C551F5D7FE8009BF2D3 /* ImageParser */,
			);
		};
/* End PBXProject section */

/* Begin PBXResourcesBuildPhase section */
		3F7B8C541F5D7FE8009BF2D3 /* Resources */ = {
			isa = PBXResourcesBuildPhase;
			buildActionMask = 2147483647;
			files = (
				44AB849D212D87B30057520B /* LICENSE in Resources */,
				3F7B8C5E1F5D7FE8009BF2D3 /* Assets.xcassets in Resources */,
				44AB849E212D87B30057520B /* README.md in Resources */,
				3F7B8C611F5D7FE8009BF2D3 /* Main.storyboard in Resources */,
			);
			runOnlyForDeploymentPostprocessing = 0;
		};
/* End PBXResourcesBuildPhase section */

/* Begin PBXSourcesBuildPhase section */
		3F7B8C521F5D7FE8009BF2D3 /* Sources */ = {
			isa = PBXSourcesBuildPhase;
			buildActionMask = 2147483647;
			files = (
				448FCE84212D74AF008D1D23 /* FileNamesFormatter.swift in Sources */,
				3F7B8C5C1F5D7FE8009BF2D3 /* ImageParserViewController.swift in Sources */,
				44AB849A212D85590057520B /* BundleMode.swift in Sources */,
				44AB84A2212D88520057520B /* MultiBundleFileNamesFormatter.swift in Sources */,
				44AB84A0212D882C0057520B /* BaseFileNamesFormatter.swift in Sources */,
				448FCE86212D768E008D1D23 /* AppTexts.swift in Sources */,
				448FCE82212D7207008D1D23 /* FilesWorker.swift in Sources */,
				448FCE8A212D774A008D1D23 /* ParsingStatus.swift in Sources */,
				3F7B8C5A1F5D7FE8009BF2D3 /* AppDelegate.swift in Sources */,
				3F7B8C691F5D885F009BF2D3 /* Files.swift in Sources */,
			);
			runOnlyForDeploymentPostprocessing = 0;
		};
/* End PBXSourcesBuildPhase section */

/* Begin PBXVariantGroup section */
		3F7B8C5F1F5D7FE8009BF2D3 /* Main.storyboard */ = {
			isa = PBXVariantGroup;
			children = (
				3F7B8C601F5D7FE8009BF2D3 /* Base */,
			);
			name = Main.storyboard;
			sourceTree = "<group>";
		};
/* End PBXVariantGroup section */

/* Begin XCBuildConfiguration section */
		3F7B8C631F5D7FE8009BF2D3 /* Debug */ = {
			isa = XCBuildConfiguration;
			buildSettings = {
				ALWAYS_SEARCH_USER_PATHS = NO;
				CLANG_ANALYZER_NONNULL = YES;
				CLANG_ANALYZER_NUMBER_OBJECT_CONVERSION = YES_AGGRESSIVE;
				CLANG_CXX_LANGUAGE_STANDARD = "gnu++0x";
				CLANG_CXX_LIBRARY = "libc++";
				CLANG_ENABLE_MODULES = YES;
				CLANG_ENABLE_OBJC_ARC = YES;
				CLANG_WARN_BLOCK_CAPTURE_AUTORELEASING = YES;
				CLANG_WARN_BOOL_CONVERSION = YES;
				CLANG_WARN_COMMA = YES;
				CLANG_WARN_CONSTANT_CONVERSION = YES;
				CLANG_WARN_DEPRECATED_OBJC_IMPLEMENTATIONS = YES;
				CLANG_WARN_DIRECT_OBJC_ISA_USAGE = YES_ERROR;
				CLANG_WARN_DOCUMENTATION_COMMENTS = YES;
				CLANG_WARN_EMPTY_BODY = YES;
				CLANG_WARN_ENUM_CONVERSION = YES;
				CLANG_WARN_INFINITE_RECURSION = YES;
				CLANG_WARN_INT_CONVERSION = YES;
				CLANG_WARN_NON_LITERAL_NULL_CONVERSION = YES;
				CLANG_WARN_OBJC_IMPLICIT_RETAIN_SELF = YES;
				CLANG_WARN_OBJC_LITERAL_CONVERSION = YES;
				CLANG_WARN_OBJC_ROOT_CLASS = YES_ERROR;
				CLANG_WARN_RANGE_LOOP_ANALYSIS = YES;
				CLANG_WARN_STRICT_PROTOTYPES = YES;
				CLANG_WARN_SUSPICIOUS_MOVE = YES;
				CLANG_WARN_UNREACHABLE_CODE = YES;
				CLANG_WARN__DUPLICATE_METHOD_MATCH = YES;
				CODE_SIGN_IDENTITY = "-";
				COPY_PHASE_STRIP = NO;
				DEBUG_INFORMATION_FORMAT = dwarf;
				ENABLE_STRICT_OBJC_MSGSEND = YES;
				ENABLE_TESTABILITY = YES;
				GCC_C_LANGUAGE_STANDARD = gnu99;
				GCC_DYNAMIC_NO_PIC = NO;
				GCC_NO_COMMON_BLOCKS = YES;
				GCC_OPTIMIZATION_LEVEL = 0;
				GCC_PREPROCESSOR_DEFINITIONS = (
					"DEBUG=1",
					"$(inherited)",
				);
				GCC_WARN_64_TO_32_BIT_CONVERSION = YES;
				GCC_WARN_ABOUT_RETURN_TYPE = YES_ERROR;
				GCC_WARN_UNDECLARED_SELECTOR = YES;
				GCC_WARN_UNINITIALIZED_AUTOS = YES_AGGRESSIVE;
				GCC_WARN_UNUSED_FUNCTION = YES;
				GCC_WARN_UNUSED_VARIABLE = YES;
				MACOSX_DEPLOYMENT_TARGET = 10.12;
				MTL_ENABLE_DEBUG_INFO = YES;
				ONLY_ACTIVE_ARCH = YES;
				SDKROOT = macosx;
				SWIFT_ACTIVE_COMPILATION_CONDITIONS = DEBUG;
				SWIFT_OPTIMIZATION_LEVEL = "-Onone";
			};
			name = Debug;
		};
		3F7B8C641F5D7FE8009BF2D3 /* Release */ = {
			isa = XCBuildConfiguration;
			buildSettings = {
				ALWAYS_SEARCH_USER_PATHS = NO;
				CLANG_ANALYZER_NONNULL = YES;
				CLANG_ANALYZER_NUMBER_OBJECT_CONVERSION = YES_AGGRESSIVE;
				CLANG_CXX_LANGUAGE_STANDARD = "gnu++0x";
				CLANG_CXX_LIBRARY = "libc++";
				CLANG_ENABLE_MODULES = YES;
				CLANG_ENABLE_OBJC_ARC = YES;
				CLANG_WARN_BLOCK_CAPTURE_AUTORELEASING = YES;
				CLANG_WARN_BOOL_CONVERSION = YES;
				CLANG_WARN_COMMA = YES;
				CLANG_WARN_CONSTANT_CONVERSION = YES;
				CLANG_WARN_DEPRECATED_OBJC_IMPLEMENTATIONS = YES;
				CLANG_WARN_DIRECT_OBJC_ISA_USAGE = YES_ERROR;
				CLANG_WARN_DOCUMENTATION_COMMENTS = YES;
				CLANG_WARN_EMPTY_BODY = YES;
				CLANG_WARN_ENUM_CONVERSION = YES;
				CLANG_WARN_INFINITE_RECURSION = YES;
				CLANG_WARN_INT_CONVERSION = YES;
				CLANG_WARN_NON_LITERAL_NULL_CONVERSION = YES;
				CLANG_WARN_OBJC_IMPLICIT_RETAIN_SELF = YES;
				CLANG_WARN_OBJC_LITERAL_CONVERSION = YES;
				CLANG_WARN_OBJC_ROOT_CLASS = YES_ERROR;
				CLANG_WARN_RANGE_LOOP_ANALYSIS = YES;
				CLANG_WARN_STRICT_PROTOTYPES = YES;
				CLANG_WARN_SUSPICIOUS_MOVE = YES;
				CLANG_WARN_UNREACHABLE_CODE = YES;
				CLANG_WARN__DUPLICATE_METHOD_MATCH = YES;
				CODE_SIGN_IDENTITY = "-";
				COPY_PHASE_STRIP = NO;
				DEBUG_INFORMATION_FORMAT = "dwarf-with-dsym";
				ENABLE_NS_ASSERTIONS = NO;
				ENABLE_STRICT_OBJC_MSGSEND = YES;
				GCC_C_LANGUAGE_STANDARD = gnu99;
				GCC_NO_COMMON_BLOCKS = YES;
				GCC_WARN_64_TO_32_BIT_CONVERSION = YES;
				GCC_WARN_ABOUT_RETURN_TYPE = YES_ERROR;
				GCC_WARN_UNDECLARED_SELECTOR = YES;
				GCC_WARN_UNINITIALIZED_AUTOS = YES_AGGRESSIVE;
				GCC_WARN_UNUSED_FUNCTION = YES;
				GCC_WARN_UNUSED_VARIABLE = YES;
				MACOSX_DEPLOYMENT_TARGET = 10.12;
				MTL_ENABLE_DEBUG_INFO = NO;
				SDKROOT = macosx;
				SWIFT_OPTIMIZATION_LEVEL = "-Owholemodule";
			};
			name = Release;
		};
		3F7B8C661F5D7FE8009BF2D3 /* Debug */ = {
			isa = XCBuildConfiguration;
			buildSettings = {
				ASSETCATALOG_COMPILER_APPICON_NAME = AppIcon;
				COMBINE_HIDPI_IMAGES = YES;
				INFOPLIST_FILE = "$(SRCROOT)/ImageParser/Resources/Info.plist";
				LD_RUNPATH_SEARCH_PATHS = "$(inherited) @executable_path/../Frameworks";
				PRODUCT_BUNDLE_IDENTIFIER = com.dyrkabes.SignFlipper.ImageParser;
				PRODUCT_NAME = "$(TARGET_NAME)";
				SWIFT_SWIFT3_OBJC_INFERENCE = Off;
				SWIFT_VERSION = 4.0;
			};
			name = Debug;
		};
		3F7B8C671F5D7FE8009BF2D3 /* Release */ = {
			isa = XCBuildConfiguration;
			buildSettings = {
				ASSETCATALOG_COMPILER_APPICON_NAME = AppIcon;
				COMBINE_HIDPI_IMAGES = YES;
				INFOPLIST_FILE = "$(SRCROOT)/ImageParser/Resources/Info.plist";
				LD_RUNPATH_SEARCH_PATHS = "$(inherited) @executable_path/../Frameworks";
				PRODUCT_BUNDLE_IDENTIFIER = com.dyrkabes.SignFlipper.ImageParser;
				PRODUCT_NAME = "$(TARGET_NAME)";
				SWIFT_SWIFT3_OBJC_INFERENCE = Off;
				SWIFT_VERSION = 4.0;
			};
			name = Release;
		};
/* End XCBuildConfiguration section */

/* Begin XCConfigurationList section */
		3F7B8C511F5D7FE7009BF2D3 /* Build configuration list for PBXProject "ImageParser" */ = {
			isa = XCConfigurationList;
			buildConfigurations = (
				3F7B8C631F5D7FE8009BF2D3 /* Debug */,
				3F7B8C641F5D7FE8009BF2D3 /* Release */,
			);
			defaultConfigurationIsVisible = 0;
			defaultConfigurationName = Release;
		};
		3F7B8C651F5D7FE8009BF2D3 /* Build configuration list for PBXNativeTarget "ImageParser" */ = {
			isa = XCConfigurationList;
			buildConfigurations = (
				3F7B8C661F5D7FE8009BF2D3 /* Debug */,
				3F7B8C671F5D7FE8009BF2D3 /* Release */,
			);
			defaultConfigurationIsVisible = 0;
			defaultConfigurationName = Release;
		};
/* End XCConfigurationList section */
	};
	rootObject = 3F7B8C4E1F5D7FE7009BF2D3 /* Project object */;
}
